
Microsoft Visual Studio Solution File, Format Version 12.00
# Visual Studio Version 17
VisualStudioVersion = 17.5.33502.453
MinimumVisualStudioVersion = 10.0.40219.1
Project("{FAE04EC0-301F-11D3-BF4B-00C04F79EFBC}") = "Kata.Enigma.Tests", "Kata.Enigma.Tests\Kata.Enigma.Tests.csproj", "{D0A4A9D4-012E-4A2A-858D-B1B12EBAF3EB}"
EndProject
Global
	GlobalSection(SolutionConfigurationPlatforms) = preSolution
		Debug|Any CPU = Debug|Any CPU
		Release|Any CPU = Release|Any CPU
	EndGlobalSection
	GlobalSection(ProjectConfigurationPlatforms) = postSolution
		{D0A4A9D4-012E-4A2A-858D-B1B12EBAF3EB}.Debug|Any CPU.ActiveCfg = Debug|Any CPU
		{D0A4A9D4-012E-4A2A-858D-B1B12EBAF3EB}.Debug|Any CPU.Build.0 = Debug|Any CPU
		{D0A4A9D4-012E-4A2A-858D-B1B12EBAF3EB}.Release|Any CPU.ActiveCfg = Release|Any CPU
		{D0A4A9D4-012E-4A2A-858D-B1B12EBAF3EB}.Release|Any CPU.Build.0 = Release|Any CPU
	EndGlobalSection
	GlobalSection(SolutionProperties) = preSolution
		HideSolutionNode = FALSE
	EndGlobalSection
	GlobalSection(ExtensibilityGlobals) = postSolution
		SolutionGuid = {22CCE045-E253-4900-8602-B5C9EE9FD064}
	EndGlobalSection
EndGlobal
